
Microsoft Visual Studio Solution File, Format Version 12.00
# Visual Studio Version 16
VisualStudioVersion = 16.0.30114.105
MinimumVisualStudioVersion = 10.0.40219.1
Project("{FAE04EC0-301F-11D3-BF4B-00C04F79EFBC}") = "IdentityServer", "IdentityServer\IdentityServer.csproj", "{156232F1-70C9-418F-9D9F-7D6878E1FFBD}"
EndProject
Global
	GlobalSection(SolutionConfigurationPlatforms) = preSolution
		Debug|Any CPU = Debug|Any CPU
		Release|Any CPU = Release|Any CPU
	EndGlobalSection
	GlobalSection(SolutionProperties) = preSolution
		HideSolutionNode = FALSE
	EndGlobalSection
	GlobalSection(ProjectConfigurationPlatforms) = postSolution
		{156232F1-70C9-418F-9D9F-7D6878E1FFBD}.Debug|Any CPU.ActiveCfg = Debug|Any CPU
		{156232F1-70C9-418F-9D9F-7D6878E1FFBD}.Debug|Any CPU.Build.0 = Debug|Any CPU
		{156232F1-70C9-418F-9D9F-7D6878E1FFBD}.Release|Any CPU.ActiveCfg = Release|Any CPU
		{156232F1-70C9-418F-9D9F-7D6878E1FFBD}.Release|Any CPU.Build.0 = Release|Any CPU
	EndGlobalSection
EndGlobal
